
Microsoft Visual Studio Solution File, Format Version 12.00
# Visual Studio 14
VisualStudioVersion = 14.0.25420.1
MinimumVisualStudioVersion = 10.0.40219.1
Project("{FAE04EC0-301F-11D3-BF4B-00C04F79EFBC}") = "ConsoleData", "ConsoleData\ConsoleData.csproj", "{9391DDAF-29AC-4320-97C1-65A9619811C5}"
EndProject
Project("{FAE04EC0-301F-11D3-BF4B-00C04F79EFBC}") = "DAL", "DAL\DAL.csproj", "{09CBC5AA-070A-46E3-BBCA-E1BCF5CBED98}"
EndProject
Project("{FAE04EC0-301F-11D3-BF4B-00C04F79EFBC}") = "BL", "BL\BL.csproj", "{CC5F4C59-5420-463E-B8CF-2A9153484AEB}"
EndProject
Project("{FAE04EC0-301F-11D3-BF4B-00C04F79EFBC}") = "UniStudents.Tests", "UniStudents.Tests\UniStudents.Tests.csproj", "{F17C2E70-386E-40B0-B001-C15A9E208153}"
EndProject
Global
	GlobalSection(SolutionConfigurationPlatforms) = preSolution
		Debug|Any CPU = Debug|Any CPU
		Release|Any CPU = Release|Any CPU
	EndGlobalSection
	GlobalSection(ProjectConfigurationPlatforms) = postSolution
		{9391DDAF-29AC-4320-97C1-65A9619811C5}.Debug|Any CPU.ActiveCfg = Debug|Any CPU
		{9391DDAF-29AC-4320-97C1-65A9619811C5}.Debug|Any CPU.Build.0 = Debug|Any CPU
		{9391DDAF-29AC-4320-97C1-65A9619811C5}.Release|Any CPU.ActiveCfg = Release|Any CPU
		{9391DDAF-29AC-4320-97C1-65A9619811C5}.Release|Any CPU.Build.0 = Release|Any CPU
		{09CBC5AA-070A-46E3-BBCA-E1BCF5CBED98}.Debug|Any CPU.ActiveCfg = Debug|Any CPU
		{09CBC5AA-070A-46E3-BBCA-E1BCF5CBED98}.Debug|Any CPU.Build.0 = Debug|Any CPU
		{09CBC5AA-070A-46E3-BBCA-E1BCF5CBED98}.Release|Any CPU.ActiveCfg = Release|Any CPU
		{09CBC5AA-070A-46E3-BBCA-E1BCF5CBED98}.Release|Any CPU.Build.0 = Release|Any CPU
		{CC5F4C59-5420-463E-B8CF-2A9153484AEB}.Debug|Any CPU.ActiveCfg = Debug|Any CPU
		{CC5F4C59-5420-463E-B8CF-2A9153484AEB}.Debug|Any CPU.Build.0 = Debug|Any CPU
		{CC5F4C59-5420-463E-B8CF-2A9153484AEB}.Release|Any CPU.ActiveCfg = Release|Any CPU
		{CC5F4C59-5420-463E-B8CF-2A9153484AEB}.Release|Any CPU.Build.0 = Release|Any CPU
		{F17C2E70-386E-40B0-B001-C15A9E208153}.Debug|Any CPU.ActiveCfg = Debug|Any CPU
		{F17C2E70-386E-40B0-B001-C15A9E208153}.Debug|Any CPU.Build.0 = Debug|Any CPU
		{F17C2E70-386E-40B0-B001-C15A9E208153}.Release|Any CPU.ActiveCfg = Release|Any CPU
		{F17C2E70-386E-40B0-B001-C15A9E208153}.Release|Any CPU.Build.0 = Release|Any CPU
	EndGlobalSection
	GlobalSection(SolutionProperties) = preSolution
		HideSolutionNode = FALSE
	EndGlobalSection
EndGlobal
